
Microsoft Visual Studio Solution File, Format Version 11.00
# Visual Studio 2010
Project("{FAE04EC0-301F-11D3-BF4B-00C04F79EFBC}") = "UDPClient", "UDPClient\UDPClient.csproj", "{C07EE8BB-00AE-4A13-8FAA-4468495C1A87}"
EndProject
Project("{FAE04EC0-301F-11D3-BF4B-00C04F79EFBC}") = "UDPServer", "UDPServer\UDPServer.csproj", "{DFC511A6-384B-4C10-ADE6-B34F43FCEF48}"
EndProject
Global
	GlobalSection(SolutionConfigurationPlatforms) = preSolution
		Debug|x86 = Debug|x86
		Release|x86 = Release|x86
	EndGlobalSection
	GlobalSection(ProjectConfigurationPlatforms) = postSolution
		{C07EE8BB-00AE-4A13-8FAA-4468495C1A87}.Debug|x86.ActiveCfg = Debug|x86
		{C07EE8BB-00AE-4A13-8FAA-4468495C1A87}.Debug|x86.Build.0 = Debug|x86
		{C07EE8BB-00AE-4A13-8FAA-4468495C1A87}.Release|x86.ActiveCfg = Release|x86
		{C07EE8BB-00AE-4A13-8FAA-4468495C1A87}.Release|x86.Build.0 = Release|x86
		{DFC511A6-384B-4C10-ADE6-B34F43FCEF48}.Debug|x86.ActiveCfg = Debug|x86
		{DFC511A6-384B-4C10-ADE6-B34F43FCEF48}.Debug|x86.Build.0 = Debug|x86
		{DFC511A6-384B-4C10-ADE6-B34F43FCEF48}.Release|x86.ActiveCfg = Release|x86
		{DFC511A6-384B-4C10-ADE6-B34F43FCEF48}.Release|x86.Build.0 = Release|x86
	EndGlobalSection
	GlobalSection(SolutionProperties) = preSolution
		HideSolutionNode = FALSE
	EndGlobalSection
EndGlobal
